
Microsoft Visual Studio Solution File, Format Version 12.00
# Visual Studio Version 16
VisualStudioVersion = 16.0.29613.14
MinimumVisualStudioVersion = 10.0.40219.1
Project("{FAE04EC0-301F-11D3-BF4B-00C04F79EFBC}") = "LTR-CSVS052-01_PICkitS_Demo", "LTRA533_PICkit_Demo\LTR-CSVS052-01_PICkitS_Demo.csproj", "{01B290A5-670C-4863-A73F-BEDC88FB8FCB}"
EndProject
Global
	GlobalSection(SolutionConfigurationPlatforms) = preSolution
		Debug|Any CPU = Debug|Any CPU
		Debug|ARM = Debug|ARM
		Debug|ARM64 = Debug|ARM64
		Debug|x64 = Debug|x64
		Debug|x86 = Debug|x86
		Release|Any CPU = Release|Any CPU
		Release|ARM = Release|ARM
		Release|ARM64 = Release|ARM64
		Release|x64 = Release|x64
		Release|x86 = Release|x86
	EndGlobalSection
	GlobalSection(ProjectConfigurationPlatforms) = postSolution
		{01B290A5-670C-4863-A73F-BEDC88FB8FCB}.Debug|Any CPU.ActiveCfg = Debug|Any CPU
		{01B290A5-670C-4863-A73F-BEDC88FB8FCB}.Debug|Any CPU.Build.0 = Debug|Any CPU
		{01B290A5-670C-4863-A73F-BEDC88FB8FCB}.Debug|ARM.ActiveCfg = Debug|Any CPU
		{01B290A5-670C-4863-A73F-BEDC88FB8FCB}.Debug|ARM.Build.0 = Debug|Any CPU
		{01B290A5-670C-4863-A73F-BEDC88FB8FCB}.Debug|ARM64.ActiveCfg = Debug|Any CPU
		{01B290A5-670C-4863-A73F-BEDC88FB8FCB}.Debug|ARM64.Build.0 = Debug|Any CPU
		{01B290A5-670C-4863-A73F-BEDC88FB8FCB}.Debug|x64.ActiveCfg = Debug|x64
		{01B290A5-670C-4863-A73F-BEDC88FB8FCB}.Debug|x64.Build.0 = Debug|x64
		{01B290A5-670C-4863-A73F-BEDC88FB8FCB}.Debug|x86.ActiveCfg = Debug|x86
		{01B290A5-670C-4863-A73F-BEDC88FB8FCB}.Debug|x86.Build.0 = Debug|x86
		{01B290A5-670C-4863-A73F-BEDC88FB8FCB}.Release|Any CPU.ActiveCfg = Release|Any CPU
		{01B290A5-670C-4863-A73F-BEDC88FB8FCB}.Release|Any CPU.Build.0 = Release|Any CPU
		{01B290A5-670C-4863-A73F-BEDC88FB8FCB}.Release|ARM.ActiveCfg = Release|Any CPU
		{01B290A5-670C-4863-A73F-BEDC88FB8FCB}.Release|ARM.Build.0 = Release|Any CPU
		{01B290A5-670C-4863-A73F-BEDC88FB8FCB}.Release|ARM64.ActiveCfg = Release|Any CPU
		{01B290A5-670C-4863-A73F-BEDC88FB8FCB}.Release|ARM64.Build.0 = Release|Any CPU
		{01B290A5-670C-4863-A73F-BEDC88FB8FCB}.Release|x64.ActiveCfg = Release|x64
		{01B290A5-670C-4863-A73F-BEDC88FB8FCB}.Release|x64.Build.0 = Release|x64
		{01B290A5-670C-4863-A73F-BEDC88FB8FCB}.Release|x86.ActiveCfg = Release|x86
		{01B290A5-670C-4863-A73F-BEDC88FB8FCB}.Release|x86.Build.0 = Release|x86
	EndGlobalSection
	GlobalSection(SolutionProperties) = preSolution
		HideSolutionNode = FALSE
	EndGlobalSection
	GlobalSection(ExtensibilityGlobals) = postSolution
		SolutionGuid = {885DF7BB-8D74-492E-92D6-5D23C3203CD8}
	EndGlobalSection
EndGlobal
